
Microsoft Visual Studio Solution File, Format Version 12.00
# Visual Studio Express 2012 for Windows Desktop
Project("{F184B08F-C81C-45F6-A57F-5ABD9991F28F}") = "Project", "Project\Project.vbproj", "{E8E158BE-5B25-40C4-8EFA-6416A595C921}"
EndProject
Project("{2150E333-8FDC-42A3-9474-1A3956D46DE8}") = ".nuget", ".nuget", "{2EE1BE9D-C160-4A7E-BBEE-FEC8AB10980E}"
	ProjectSection(SolutionItems) = preProject
		.nuget\NuGet.Config = .nuget\NuGet.Config
		.nuget\NuGet.exe = .nuget\NuGet.exe
		.nuget\NuGet.targets = .nuget\NuGet.targets
	EndProjectSection
EndProject
Project("{F184B08F-C81C-45F6-A57F-5ABD9991F28F}") = "ImportData", "ImportData\ImportData.vbproj", "{5D985400-FCA6-41C3-B427-2B344D78435F}"
EndProject
Project("{F184B08F-C81C-45F6-A57F-5ABD9991F28F}") = "NewProject", "NewProject\NewProject.vbproj", "{3BDCBCD8-06B5-4D06-BD35-1A80BC884A38}"
EndProject
Global
	GlobalSection(SolutionConfigurationPlatforms) = preSolution
		Debug|Any CPU = Debug|Any CPU
		Release|Any CPU = Release|Any CPU
	EndGlobalSection
	GlobalSection(ProjectConfigurationPlatforms) = postSolution
		{E8E158BE-5B25-40C4-8EFA-6416A595C921}.Debug|Any CPU.ActiveCfg = Debug|Any CPU
		{E8E158BE-5B25-40C4-8EFA-6416A595C921}.Debug|Any CPU.Build.0 = Debug|Any CPU
		{E8E158BE-5B25-40C4-8EFA-6416A595C921}.Release|Any CPU.ActiveCfg = Release|Any CPU
		{E8E158BE-5B25-40C4-8EFA-6416A595C921}.Release|Any CPU.Build.0 = Release|Any CPU
		{5D985400-FCA6-41C3-B427-2B344D78435F}.Debug|Any CPU.ActiveCfg = Debug|Any CPU
		{5D985400-FCA6-41C3-B427-2B344D78435F}.Debug|Any CPU.Build.0 = Debug|Any CPU
		{5D985400-FCA6-41C3-B427-2B344D78435F}.Release|Any CPU.ActiveCfg = Release|Any CPU
		{5D985400-FCA6-41C3-B427-2B344D78435F}.Release|Any CPU.Build.0 = Release|Any CPU
		{3BDCBCD8-06B5-4D06-BD35-1A80BC884A38}.Debug|Any CPU.ActiveCfg = Debug|Any CPU
		{3BDCBCD8-06B5-4D06-BD35-1A80BC884A38}.Debug|Any CPU.Build.0 = Debug|Any CPU
		{3BDCBCD8-06B5-4D06-BD35-1A80BC884A38}.Release|Any CPU.ActiveCfg = Release|Any CPU
		{3BDCBCD8-06B5-4D06-BD35-1A80BC884A38}.Release|Any CPU.Build.0 = Release|Any CPU
	EndGlobalSection
	GlobalSection(SolutionProperties) = preSolution
		HideSolutionNode = FALSE
	EndGlobalSection
EndGlobal
